
Microsoft Visual Studio Solution File, Format Version 12.00
# Visual Studio Version 16
VisualStudioVersion = 16.0.30621.155
MinimumVisualStudioVersion = 10.0.40219.1
Project("{FAE04EC0-301F-11D3-BF4B-00C04F79EFBC}") = "Exercise14", "Exercise14\Exercise14.csproj", "{190F4584-9A1D-4E00-A770-F74356F360F1}"
EndProject
Global
	GlobalSection(SolutionConfigurationPlatforms) = preSolution
		Debug|Any CPU = Debug|Any CPU
		Release|Any CPU = Release|Any CPU
	EndGlobalSection
	GlobalSection(ProjectConfigurationPlatforms) = postSolution
		{190F4584-9A1D-4E00-A770-F74356F360F1}.Debug|Any CPU.ActiveCfg = Debug|Any CPU
		{190F4584-9A1D-4E00-A770-F74356F360F1}.Debug|Any CPU.Build.0 = Debug|Any CPU
		{190F4584-9A1D-4E00-A770-F74356F360F1}.Release|Any CPU.ActiveCfg = Release|Any CPU
		{190F4584-9A1D-4E00-A770-F74356F360F1}.Release|Any CPU.Build.0 = Release|Any CPU
	EndGlobalSection
	GlobalSection(SolutionProperties) = preSolution
		HideSolutionNode = FALSE
	EndGlobalSection
	GlobalSection(ExtensibilityGlobals) = postSolution
		SolutionGuid = {0C488B9A-44E0-49C5-83F2-EC4BF00D114E}
	EndGlobalSection
EndGlobal
