
Microsoft Visual Studio Solution File, Format Version 12.00
# Visual Studio Version 16
VisualStudioVersion = 16.0.30611.23
MinimumVisualStudioVersion = 10.0.40219.1
Project("{FAE04EC0-301F-11D3-BF4B-00C04F79EFBC}") = "Iterations3", "Iterations3\Iterations3.csproj", "{23396632-8A1E-4ECD-8AC7-29FB864D3389}"
EndProject
Global
	GlobalSection(SolutionConfigurationPlatforms) = preSolution
		Debug|Any CPU = Debug|Any CPU
		Release|Any CPU = Release|Any CPU
	EndGlobalSection
	GlobalSection(ProjectConfigurationPlatforms) = postSolution
		{23396632-8A1E-4ECD-8AC7-29FB864D3389}.Debug|Any CPU.ActiveCfg = Debug|Any CPU
		{23396632-8A1E-4ECD-8AC7-29FB864D3389}.Debug|Any CPU.Build.0 = Debug|Any CPU
		{23396632-8A1E-4ECD-8AC7-29FB864D3389}.Release|Any CPU.ActiveCfg = Release|Any CPU
		{23396632-8A1E-4ECD-8AC7-29FB864D3389}.Release|Any CPU.Build.0 = Release|Any CPU
	EndGlobalSection
	GlobalSection(SolutionProperties) = preSolution
		HideSolutionNode = FALSE
	EndGlobalSection
	GlobalSection(ExtensibilityGlobals) = postSolution
		SolutionGuid = {F44617DD-ABBF-4447-91D9-99D8CC2F26F8}
	EndGlobalSection
EndGlobal
