
Microsoft Visual Studio Solution File, Format Version 12.00
# Visual Studio Version 16
VisualStudioVersion = 16.0.30621.155
MinimumVisualStudioVersion = 10.0.40219.1
Project("{FAE04EC0-301F-11D3-BF4B-00C04F79EFBC}") = "Exercise17", "Exercise17\Exercise17.csproj", "{7CBB6B11-F565-462E-91BE-9DC08A562894}"
EndProject
Global
	GlobalSection(SolutionConfigurationPlatforms) = preSolution
		Debug|Any CPU = Debug|Any CPU
		Release|Any CPU = Release|Any CPU
	EndGlobalSection
	GlobalSection(ProjectConfigurationPlatforms) = postSolution
		{7CBB6B11-F565-462E-91BE-9DC08A562894}.Debug|Any CPU.ActiveCfg = Debug|Any CPU
		{7CBB6B11-F565-462E-91BE-9DC08A562894}.Debug|Any CPU.Build.0 = Debug|Any CPU
		{7CBB6B11-F565-462E-91BE-9DC08A562894}.Release|Any CPU.ActiveCfg = Release|Any CPU
		{7CBB6B11-F565-462E-91BE-9DC08A562894}.Release|Any CPU.Build.0 = Release|Any CPU
	EndGlobalSection
	GlobalSection(SolutionProperties) = preSolution
		HideSolutionNode = FALSE
	EndGlobalSection
	GlobalSection(ExtensibilityGlobals) = postSolution
		SolutionGuid = {F4A79BB9-3E56-4166-BFA5-93A868003DB2}
	EndGlobalSection
EndGlobal
