
Microsoft Visual Studio Solution File, Format Version 12.00
# Visual Studio Version 16
VisualStudioVersion = 16.0.30611.23
MinimumVisualStudioVersion = 10.0.40219.1
Project("{FAE04EC0-301F-11D3-BF4B-00C04F79EFBC}") = "Exercise4", "Exercise4\Exercise4.csproj", "{1C00F52C-2A7C-447C-AFC5-B63AFF82C8C0}"
EndProject
Global
	GlobalSection(SolutionConfigurationPlatforms) = preSolution
		Debug|Any CPU = Debug|Any CPU
		Release|Any CPU = Release|Any CPU
	EndGlobalSection
	GlobalSection(ProjectConfigurationPlatforms) = postSolution
		{1C00F52C-2A7C-447C-AFC5-B63AFF82C8C0}.Debug|Any CPU.ActiveCfg = Debug|Any CPU
		{1C00F52C-2A7C-447C-AFC5-B63AFF82C8C0}.Debug|Any CPU.Build.0 = Debug|Any CPU
		{1C00F52C-2A7C-447C-AFC5-B63AFF82C8C0}.Release|Any CPU.ActiveCfg = Release|Any CPU
		{1C00F52C-2A7C-447C-AFC5-B63AFF82C8C0}.Release|Any CPU.Build.0 = Release|Any CPU
	EndGlobalSection
	GlobalSection(SolutionProperties) = preSolution
		HideSolutionNode = FALSE
	EndGlobalSection
	GlobalSection(ExtensibilityGlobals) = postSolution
		SolutionGuid = {BC26F002-AEC1-4A4E-B03F-6C537A79FEB0}
	EndGlobalSection
EndGlobal
