
Microsoft Visual Studio Solution File, Format Version 12.00
# Visual Studio Version 16
VisualStudioVersion = 16.0.30611.23
MinimumVisualStudioVersion = 10.0.40219.1
Project("{FAE04EC0-301F-11D3-BF4B-00C04F79EFBC}") = "Exercise9", "Exercise9\Exercise9.csproj", "{B829131F-7D05-4566-BC34-B08CDE32ECBD}"
EndProject
Global
	GlobalSection(SolutionConfigurationPlatforms) = preSolution
		Debug|Any CPU = Debug|Any CPU
		Release|Any CPU = Release|Any CPU
	EndGlobalSection
	GlobalSection(ProjectConfigurationPlatforms) = postSolution
		{B829131F-7D05-4566-BC34-B08CDE32ECBD}.Debug|Any CPU.ActiveCfg = Debug|Any CPU
		{B829131F-7D05-4566-BC34-B08CDE32ECBD}.Debug|Any CPU.Build.0 = Debug|Any CPU
		{B829131F-7D05-4566-BC34-B08CDE32ECBD}.Release|Any CPU.ActiveCfg = Release|Any CPU
		{B829131F-7D05-4566-BC34-B08CDE32ECBD}.Release|Any CPU.Build.0 = Release|Any CPU
	EndGlobalSection
	GlobalSection(SolutionProperties) = preSolution
		HideSolutionNode = FALSE
	EndGlobalSection
	GlobalSection(ExtensibilityGlobals) = postSolution
		SolutionGuid = {4C1D2B6B-038C-4C0D-AB3C-D35F61343DA0}
	EndGlobalSection
EndGlobal
