
Microsoft Visual Studio Solution File, Format Version 12.00
# Visual Studio Version 16
VisualStudioVersion = 16.0.30621.155
MinimumVisualStudioVersion = 10.0.40219.1
Project("{FAE04EC0-301F-11D3-BF4B-00C04F79EFBC}") = "ProceduralExercise18", "ProceduralExercise18\ProceduralExercise18.csproj", "{355AB7FB-3E83-4718-81FE-683E1B12F562}"
EndProject
Global
	GlobalSection(SolutionConfigurationPlatforms) = preSolution
		Debug|Any CPU = Debug|Any CPU
		Release|Any CPU = Release|Any CPU
	EndGlobalSection
	GlobalSection(ProjectConfigurationPlatforms) = postSolution
		{355AB7FB-3E83-4718-81FE-683E1B12F562}.Debug|Any CPU.ActiveCfg = Debug|Any CPU
		{355AB7FB-3E83-4718-81FE-683E1B12F562}.Debug|Any CPU.Build.0 = Debug|Any CPU
		{355AB7FB-3E83-4718-81FE-683E1B12F562}.Release|Any CPU.ActiveCfg = Release|Any CPU
		{355AB7FB-3E83-4718-81FE-683E1B12F562}.Release|Any CPU.Build.0 = Release|Any CPU
	EndGlobalSection
	GlobalSection(SolutionProperties) = preSolution
		HideSolutionNode = FALSE
	EndGlobalSection
	GlobalSection(ExtensibilityGlobals) = postSolution
		SolutionGuid = {2E74EF21-D2E7-4CE8-B857-078296D79B0B}
	EndGlobalSection
EndGlobal
