
Microsoft Visual Studio Solution File, Format Version 12.00
# Visual Studio Version 16
VisualStudioVersion = 16.0.30611.23
MinimumVisualStudioVersion = 10.0.40219.1
Project("{FAE04EC0-301F-11D3-BF4B-00C04F79EFBC}") = "Exercise2", "Exercise2\Exercise2.csproj", "{81AFF13A-3ED3-467E-A887-87EA632877CD}"
EndProject
Global
	GlobalSection(SolutionConfigurationPlatforms) = preSolution
		Debug|Any CPU = Debug|Any CPU
		Release|Any CPU = Release|Any CPU
	EndGlobalSection
	GlobalSection(ProjectConfigurationPlatforms) = postSolution
		{81AFF13A-3ED3-467E-A887-87EA632877CD}.Debug|Any CPU.ActiveCfg = Debug|Any CPU
		{81AFF13A-3ED3-467E-A887-87EA632877CD}.Debug|Any CPU.Build.0 = Debug|Any CPU
		{81AFF13A-3ED3-467E-A887-87EA632877CD}.Release|Any CPU.ActiveCfg = Release|Any CPU
		{81AFF13A-3ED3-467E-A887-87EA632877CD}.Release|Any CPU.Build.0 = Release|Any CPU
	EndGlobalSection
	GlobalSection(SolutionProperties) = preSolution
		HideSolutionNode = FALSE
	EndGlobalSection
	GlobalSection(ExtensibilityGlobals) = postSolution
		SolutionGuid = {8A9C3546-3B32-4083-BA21-B8400056D913}
	EndGlobalSection
EndGlobal
